
Microsoft Visual Studio Solution File, Format Version 12.00
# Visual Studio Version 17
VisualStudioVersion = 17.9.34622.214
MinimumVisualStudioVersion = 10.0.40219.1
Project("{9A19103F-16F7-4668-BE54-9A1E7A4F7556}") = "dz_13._03", "dz_13.03\dz_13._03.csproj", "{F1302A13-7EBF-43F6-A554-8831484D827A}"
EndProject
Global
	GlobalSection(SolutionConfigurationPlatforms) = preSolution
		Debug|Any CPU = Debug|Any CPU
		Release|Any CPU = Release|Any CPU
	EndGlobalSection
	GlobalSection(ProjectConfigurationPlatforms) = postSolution
		{F1302A13-7EBF-43F6-A554-8831484D827A}.Debug|Any CPU.ActiveCfg = Debug|Any CPU
		{F1302A13-7EBF-43F6-A554-8831484D827A}.Debug|Any CPU.Build.0 = Debug|Any CPU
		{F1302A13-7EBF-43F6-A554-8831484D827A}.Release|Any CPU.ActiveCfg = Release|Any CPU
		{F1302A13-7EBF-43F6-A554-8831484D827A}.Release|Any CPU.Build.0 = Release|Any CPU
	EndGlobalSection
	GlobalSection(SolutionProperties) = preSolution
		HideSolutionNode = FALSE
	EndGlobalSection
	GlobalSection(ExtensibilityGlobals) = postSolution
		SolutionGuid = {79416521-594E-4994-93CE-99771A61561C}
	EndGlobalSection
EndGlobal
